
Microsoft Visual Studio Solution File, Format Version 12.00
# Visual Studio Version 17
VisualStudioVersion = 17.0.31903.59
MinimumVisualStudioVersion = 10.0.40219.1
Project("{2150E333-8FDC-42A3-9474-1A3956D46DE8}") = "src", "src", "{51B48672-5CCA-483B-8C64-CD68C5413F2E}"
EndProject
Project("{FAE04EC0-301F-11D3-BF4B-00C04F79EFBC}") = "SignalBooster.Core", "src\SignalBooster.Core\SignalBooster.Core.csproj", "{23223826-CFF2-4CC9-BA27-38C99E179AEC}"
EndProject
Project("{2150E333-8FDC-42A3-9474-1A3956D46DE8}") = "tests", "tests", "{54C877C6-7DFC-4566-BC7A-C4217D869D3E}"
EndProject
Project("{FAE04EC0-301F-11D3-BF4B-00C04F79EFBC}") = "SignalBooster.Tests", "tests\SignalBooster.Tests\SignalBooster.Tests.csproj", "{96FAF55D-3BF9-47FA-BA09-28CCFE72F42E}"
EndProject
Global
	GlobalSection(SolutionConfigurationPlatforms) = preSolution
		Debug|Any CPU = Debug|Any CPU
		Release|Any CPU = Release|Any CPU
	EndGlobalSection
	GlobalSection(SolutionProperties) = preSolution
		HideSolutionNode = FALSE
	EndGlobalSection
	GlobalSection(ProjectConfigurationPlatforms) = postSolution
		{23223826-CFF2-4CC9-BA27-38C99E179AEC}.Debug|Any CPU.ActiveCfg = Debug|Any CPU
		{23223826-CFF2-4CC9-BA27-38C99E179AEC}.Debug|Any CPU.Build.0 = Debug|Any CPU
		{23223826-CFF2-4CC9-BA27-38C99E179AEC}.Release|Any CPU.ActiveCfg = Release|Any CPU
		{23223826-CFF2-4CC9-BA27-38C99E179AEC}.Release|Any CPU.Build.0 = Release|Any CPU
		{96FAF55D-3BF9-47FA-BA09-28CCFE72F42E}.Debug|Any CPU.ActiveCfg = Debug|Any CPU
		{96FAF55D-3BF9-47FA-BA09-28CCFE72F42E}.Debug|Any CPU.Build.0 = Debug|Any CPU
		{96FAF55D-3BF9-47FA-BA09-28CCFE72F42E}.Release|Any CPU.ActiveCfg = Release|Any CPU
		{96FAF55D-3BF9-47FA-BA09-28CCFE72F42E}.Release|Any CPU.Build.0 = Release|Any CPU
	EndGlobalSection
	GlobalSection(NestedProjects) = preSolution
		{23223826-CFF2-4CC9-BA27-38C99E179AEC} = {51B48672-5CCA-483B-8C64-CD68C5413F2E}
		{96FAF55D-3BF9-47FA-BA09-28CCFE72F42E} = {54C877C6-7DFC-4566-BC7A-C4217D869D3E}
	EndGlobalSection
EndGlobal
