Microsoft Visual Studio Solution File, Format Version 12.00
# Visual Studio Version 17
VisualStudioVersion = 17.5.2.0
MinimumVisualStudioVersion = 10.0.40219.1
Project("{FAE04EC0-301F-11D3-BF4B-00C04F79EFBC}") = "SignalBooster", "src\SignalBooster.csproj", "{56661D27-7B77-1C8D-A2BA-A7D343F60BE0}"
EndProject
Project("{FAE04EC0-301F-11D3-BF4B-00C04F79EFBC}") = "SignalBooster.Tests", "tests\SignalBooster.Tests.csproj", "{12345678-9ABC-DEF0-1234-567890ABCDEF}"
EndProject
Global
	GlobalSection(SolutionConfigurationPlatforms) = preSolution
		Debug|Any CPU = Debug|Any CPU
		Release|Any CPU = Release|Any CPU
	EndGlobalSection
	GlobalSection(ProjectConfigurationPlatforms) = postSolution
		{56661D27-7B77-1C8D-A2BA-A7D343F60BE0}.Debug|Any CPU.ActiveCfg = Debug|Any CPU
		{56661D27-7B77-1C8D-A2BA-A7D343F60BE0}.Debug|Any CPU.Build.0 = Debug|Any CPU
		{56661D27-7B77-1C8D-A2BA-A7D343F60BE0}.Release|Any CPU.ActiveCfg = Release|Any CPU
		{56661D27-7B77-1C8D-A2BA-A7D343F60BE0}.Release|Any CPU.Build.0 = Release|Any CPU
		{12345678-9ABC-DEF0-1234-567890ABCDEF}.Debug|Any CPU.ActiveCfg = Debug|Any CPU
		{12345678-9ABC-DEF0-1234-567890ABCDEF}.Debug|Any CPU.Build.0 = Debug|Any CPU
		{12345678-9ABC-DEF0-1234-567890ABCDEF}.Release|Any CPU.ActiveCfg = Release|Any CPU
		{12345678-9ABC-DEF0-1234-567890ABCDEF}.Release|Any CPU.Build.0 = Release|Any CPU
	EndGlobalSection
	GlobalSection(SolutionProperties) = preSolution
		HideSolutionNode = FALSE
	EndGlobalSection
	GlobalSection(ExtensibilityGlobals) = postSolution
		SolutionGuid = {44380B46-DA6A-420D-BAA6-487464DFD51D}
	EndGlobalSection
EndGlobal
